
Microsoft Visual Studio Solution File, Format Version 12.00
# Visual Studio Version 17
VisualStudioVersion = 17.14.36511.14 d17.14
MinimumVisualStudioVersion = 10.0.40219.1
Project("{FAE04EC0-301F-11D3-BF4B-00C04F79EFBC}") = "ExamenU3Patrones", "ExamenU3Patrones\ExamenU3Patrones.csproj", "{344C0668-85CC-460D-9A96-C666B4B1AF15}"
EndProject
Global
	GlobalSection(SolutionConfigurationPlatforms) = preSolution
		Debug|Any CPU = Debug|Any CPU
		Release|Any CPU = Release|Any CPU
	EndGlobalSection
	GlobalSection(ProjectConfigurationPlatforms) = postSolution
		{344C0668-85CC-460D-9A96-C666B4B1AF15}.Debug|Any CPU.ActiveCfg = Debug|Any CPU
		{344C0668-85CC-460D-9A96-C666B4B1AF15}.Debug|Any CPU.Build.0 = Debug|Any CPU
		{344C0668-85CC-460D-9A96-C666B4B1AF15}.Release|Any CPU.ActiveCfg = Release|Any CPU
		{344C0668-85CC-460D-9A96-C666B4B1AF15}.Release|Any CPU.Build.0 = Release|Any CPU
	EndGlobalSection
	GlobalSection(SolutionProperties) = preSolution
		HideSolutionNode = FALSE
	EndGlobalSection
	GlobalSection(ExtensibilityGlobals) = postSolution
		SolutionGuid = {35813970-5D85-477F-BD90-5F14B3402B6D}
	EndGlobalSection
EndGlobal
